<?xml version="1.0" encoding="utf-8"?>
<Project ToolsVersion="4.0" xmlns="http://schemas.microsoft.com/developer/msbuild/2003">
  <ItemGroup>
    <ClCompile Include="compatibility.cpp">
      <Filter>Source Files</Filter>
    </ClCompile>
    <ClCompile Include="display.cpp">
      <Filter>Source Files</Filter>
    </ClCompile>
    <ClCompile Include="input.cpp">
      <Filter>Source Files</Filter>
    </ClCompile>
    <ClCompile Include="dllmain.cpp">
      <Filter>Source Files</Filter>
    </ClCompile>
    <ClCompile Include="language.cpp">
      <Filter>Source Files</Filter>
    </ClCompile>
    <ClCompile Include="timing.cpp">
      <Filter>Source Files</Filter>
    </ClCompile>
    <ClCompile Include="window.cpp">
      <Filter>Source Files</Filter>
    </ClCompile>
    <ClCompile Include="command.cpp">
      <Filter>Source Files\Core</Filter>
    </ClCompile>
    <ClCompile Include="hook.cpp">
      <Filter>Source Files\Core</Filter>
    </ClCompile>
    <ClCompile Include="parameter.cpp">
      <Filter>Source Files\Core</Filter>
    </ClCompile>
    <ClCompile Include="ini.cpp">
      <Filter>Source Files\Core</Filter>
    </ClCompile>
    <ClCompile Include="log.cpp">
      <Filter>Source Files\Core</Filter>
    </ClCompile>
    <ClCompile Include="config.cpp">
      <Filter>Source Files</Filter>
    </ClCompile>
  </ItemGroup>
  <ItemGroup>
    <ClInclude Include="config.h">
      <Filter>Header Files</Filter>
    </ClInclude>
    <ClInclude Include="display.h">
      <Filter>Header Files</Filter>
    </ClInclude>
    <ClInclude Include="input.h">
      <Filter>Header Files</Filter>
    </ClInclude>
    <ClInclude Include="language.h">
      <Filter>Header Files</Filter>
    </ClInclude>
    <ClInclude Include="timing.h">
      <Filter>Header Files</Filter>
    </ClInclude>
    <ClInclude Include="window.h">
      <Filter>Header Files</Filter>
    </ClInclude>
    <ClInclude Include="MinHook\include\MinHook.h">
      <Filter>MinHook</Filter>
    </ClInclude>
    <ClInclude Include="log.h">
      <Filter>Header Files\Core</Filter>
    </ClInclude>
    <ClInclude Include="command.h">
      <Filter>Header Files\Core</Filter>
    </ClInclude>
    <ClInclude Include="ini.h">
      <Filter>Header Files\Core</Filter>
    </ClInclude>
    <ClInclude Include="parameter.h">
      <Filter>Header Files\Core</Filter>
    </ClInclude>
    <ClInclude Include="hook.h">
      <Filter>Header Files\Core</Filter>
    </ClInclude>
    <ClInclude Include="resource.h">
      <Filter>Header Files</Filter>
    </ClInclude>
  </ItemGroup>
  <ItemGroup>
    <Filter Include="Header Files">
      <UniqueIdentifier>{a1116bab-6980-41a2-b44c-fbe9fa512b15}</UniqueIdentifier>
      <Extensions>.h</Extensions>
    </Filter>
    <Filter Include="Source Files">
      <UniqueIdentifier>{e301e3ef-f8f6-45ae-b4ac-5da7b092c3df}</UniqueIdentifier>
      <Extensions>.cpp</Extensions>
    </Filter>
    <Filter Include="Source Files\Core">
      <UniqueIdentifier>{de9ed952-7f94-4a44-9790-e37d6562ed32}</UniqueIdentifier>
    </Filter>
    <Filter Include="Header Files\Core">
      <UniqueIdentifier>{2339dafc-4d5d-4646-8c9b-16542ae84f1f}</UniqueIdentifier>
    </Filter>
    <Filter Include="MinHook">
      <UniqueIdentifier>{35a65bd3-d81c-4fca-9c7d-696a2df91414}</UniqueIdentifier>
    </Filter>
  </ItemGroup>
  <ItemGroup>
    <Library Include="MinHook\lib\libMinHook.x86.lib">
      <Filter>MinHook</Filter>
    </Library>
  </ItemGroup>
  <ItemGroup>
    <ResourceCompile Include="UnX.rc" />
  </ItemGroup>
</Project>